
Microsoft Visual Studio Solution File, Format Version 12.00
# Visual Studio Version 16
VisualStudioVersion = 16.0.30717.126
MinimumVisualStudioVersion = 10.0.40219.1
Project("{FAE04EC0-301F-11D3-BF4B-00C04F79EFBC}") = "MyToggleButton", "MyToggleButton\MyToggleButton.csproj", "{C277D9A2-805B-470F-B787-FA7DA8EE28A8}"
EndProject
Global
	GlobalSection(SolutionConfigurationPlatforms) = preSolution
		Debug|Any CPU = Debug|Any CPU
		Release|Any CPU = Release|Any CPU
	EndGlobalSection
	GlobalSection(ProjectConfigurationPlatforms) = postSolution
		{C277D9A2-805B-470F-B787-FA7DA8EE28A8}.Debug|Any CPU.ActiveCfg = Debug|Any CPU
		{C277D9A2-805B-470F-B787-FA7DA8EE28A8}.Debug|Any CPU.Build.0 = Debug|Any CPU
		{C277D9A2-805B-470F-B787-FA7DA8EE28A8}.Release|Any CPU.ActiveCfg = Release|Any CPU
		{C277D9A2-805B-470F-B787-FA7DA8EE28A8}.Release|Any CPU.Build.0 = Release|Any CPU
	EndGlobalSection
	GlobalSection(SolutionProperties) = preSolution
		HideSolutionNode = FALSE
	EndGlobalSection
	GlobalSection(ExtensibilityGlobals) = postSolution
		SolutionGuid = {8DEB24BC-77FA-4612-816A-167814D218F3}
	EndGlobalSection
EndGlobal
